
Microsoft Visual Studio Solution File, Format Version 12.00
# Visual Studio Version 16
VisualStudioVersion = 25.0.1706.14
MinimumVisualStudioVersion = 10.0.40219.1
Project("{FAE04EC0-301F-11D3-BF4B-00C04F79EFBC}") = "Functions", "Functions.csproj", "{97312685-B535-4BD8-8A6F-FAC07E47AC3F}"
EndProject
Project("{FAE04EC0-301F-11D3-BF4B-00C04F79EFBC}") = "ArgumentsAndParameters", "..\ArgumentsAndParameters\ArgumentsAndParameters.csproj", "{44B79A8E-9C46-434E-A19F-7DF7680C0833}"
EndProject
Project("{FAE04EC0-301F-11D3-BF4B-00C04F79EFBC}") = "Calculator", "..\Calculator\Calculator.csproj", "{23292308-C11C-4F6C-A2AF-2875F5505395}"
EndProject
Project("{FAE04EC0-301F-11D3-BF4B-00C04F79EFBC}") = "DiscountCalculator", "..\DiscountCalculator\DiscountCalculator.csproj", "{2A8FA1C6-1F9B-4204-84B2-385FB421239D}"
EndProject
Global
	GlobalSection(SolutionConfigurationPlatforms) = preSolution
		Debug|Any CPU = Debug|Any CPU
		Release|Any CPU = Release|Any CPU
	EndGlobalSection
	GlobalSection(ProjectConfigurationPlatforms) = postSolution
		{97312685-B535-4BD8-8A6F-FAC07E47AC3F}.Debug|Any CPU.ActiveCfg = Debug|Any CPU
		{97312685-B535-4BD8-8A6F-FAC07E47AC3F}.Debug|Any CPU.Build.0 = Debug|Any CPU
		{97312685-B535-4BD8-8A6F-FAC07E47AC3F}.Release|Any CPU.ActiveCfg = Release|Any CPU
		{97312685-B535-4BD8-8A6F-FAC07E47AC3F}.Release|Any CPU.Build.0 = Release|Any CPU
		{44B79A8E-9C46-434E-A19F-7DF7680C0833}.Debug|Any CPU.ActiveCfg = Debug|Any CPU
		{44B79A8E-9C46-434E-A19F-7DF7680C0833}.Debug|Any CPU.Build.0 = Debug|Any CPU
		{44B79A8E-9C46-434E-A19F-7DF7680C0833}.Release|Any CPU.ActiveCfg = Release|Any CPU
		{44B79A8E-9C46-434E-A19F-7DF7680C0833}.Release|Any CPU.Build.0 = Release|Any CPU
		{23292308-C11C-4F6C-A2AF-2875F5505395}.Debug|Any CPU.ActiveCfg = Debug|Any CPU
		{23292308-C11C-4F6C-A2AF-2875F5505395}.Debug|Any CPU.Build.0 = Debug|Any CPU
		{23292308-C11C-4F6C-A2AF-2875F5505395}.Release|Any CPU.ActiveCfg = Release|Any CPU
		{23292308-C11C-4F6C-A2AF-2875F5505395}.Release|Any CPU.Build.0 = Release|Any CPU
		{2A8FA1C6-1F9B-4204-84B2-385FB421239D}.Debug|Any CPU.ActiveCfg = Debug|Any CPU
		{2A8FA1C6-1F9B-4204-84B2-385FB421239D}.Debug|Any CPU.Build.0 = Debug|Any CPU
		{2A8FA1C6-1F9B-4204-84B2-385FB421239D}.Release|Any CPU.ActiveCfg = Release|Any CPU
		{2A8FA1C6-1F9B-4204-84B2-385FB421239D}.Release|Any CPU.Build.0 = Release|Any CPU
	EndGlobalSection
	GlobalSection(SolutionProperties) = preSolution
		HideSolutionNode = FALSE
	EndGlobalSection
	GlobalSection(ExtensibilityGlobals) = postSolution
		SolutionGuid = {5AFC196F-F0FC-4B31-9311-BDAC19F89CF5}
	EndGlobalSection
EndGlobal
